
Microsoft Visual Studio Solution File, Format Version 12.00
# Visual Studio Version 17
VisualStudioVersion = 17.2.32630.192
MinimumVisualStudioVersion = 10.0.40219.1
Project("{FAE04EC0-301F-11D3-BF4B-00C04F79EFBC}") = "LivrariaAPIs", "LivrariaAPIs\LivrariaAPIs.csproj", "{B20E841D-AAEA-4679-8792-F9ABF94FF196}"
EndProject
Global
	GlobalSection(SolutionConfigurationPlatforms) = preSolution
		Debug|Any CPU = Debug|Any CPU
		Release|Any CPU = Release|Any CPU
	EndGlobalSection
	GlobalSection(ProjectConfigurationPlatforms) = postSolution
		{B20E841D-AAEA-4679-8792-F9ABF94FF196}.Debug|Any CPU.ActiveCfg = Debug|Any CPU
		{B20E841D-AAEA-4679-8792-F9ABF94FF196}.Debug|Any CPU.Build.0 = Debug|Any CPU
		{B20E841D-AAEA-4679-8792-F9ABF94FF196}.Release|Any CPU.ActiveCfg = Release|Any CPU
		{B20E841D-AAEA-4679-8792-F9ABF94FF196}.Release|Any CPU.Build.0 = Release|Any CPU
	EndGlobalSection
	GlobalSection(SolutionProperties) = preSolution
		HideSolutionNode = FALSE
	EndGlobalSection
	GlobalSection(ExtensibilityGlobals) = postSolution
		SolutionGuid = {61ED5FFA-B2DF-4A8B-8710-C5BAFBCE644D}
	EndGlobalSection
EndGlobal
